// !$*UTF8*$!
{
	archiveVersion = 1;
	classes = {
	};
	objectVersion = 50;
	objects = {

/* Begin PBXBuildFile section */
		0424EB5420BEF89000E15E46 /* AppDelegate.swift in Sources */ = {isa = PBXBuildFile; fileRef = 0424EB5320BEF89000E15E46 /* AppDelegate.swift */; };
		0424EB5620BEF89000E15E46 /* AlarmsViewController.swift in Sources */ = {isa = PBXBuildFile; fileRef = 0424EB5520BEF89000E15E46 /* AlarmsViewController.swift */; };
		0424EB5920BEF89000E15E46 /* Main.storyboard in Resources */ = {isa = PBXBuildFile; fileRef = 0424EB5720BEF89000E15E46 /* Main.storyboard */; };
		0424EB5B20BEF89100E15E46 /* Assets.xcassets in Resources */ = {isa = PBXBuildFile; fileRef = 0424EB5A20BEF89100E15E46 /* Assets.xcassets */; };
		0424EB5E20BEF89100E15E46 /* LaunchScreen.storyboard in Resources */ = {isa = PBXBuildFile; fileRef = 0424EB5C20BEF89100E15E46 /* LaunchScreen.storyboard */; };
		0424EB6920BEF93F00E15E46 /* Alarm.swift in Sources */ = {isa = PBXBuildFile; fileRef = 0424EB6820BEF93F00E15E46 /* Alarm.swift */; };
		0424EB6B20BEF96400E15E46 /* Action.swift in Sources */ = {isa = PBXBuildFile; fileRef = 0424EB6A20BEF96400E15E46 /* Action.swift */; };
		0424EB6D20BF022900E15E46 /* AlarmTableViewCell.swift in Sources */ = {isa = PBXBuildFile; fileRef = 0424EB6C20BF022900E15E46 /* AlarmTableViewCell.swift */; };
		0424EB6F20BF0FAE00E15E46 /* SettingAlarmViewController.swift in Sources */ = {isa = PBXBuildFile; fileRef = 0424EB6E20BF0FAE00E15E46 /* SettingAlarmViewController.swift */; };
		891A508C22CFC1F800391EAB /* alarmSound2.mp3 in Resources */ = {isa = PBXBuildFile; fileRef = 891A508922CFC1F800391EAB /* alarmSound2.mp3 */; };
		891A508D22CFC1F800391EAB /* alarmSound3.mp3 in Resources */ = {isa = PBXBuildFile; fileRef = 891A508A22CFC1F800391EAB /* alarmSound3.mp3 */; };
		891A509022CFC37400391EAB /* howl.mp3 in Resources */ = {isa = PBXBuildFile; fileRef = 891A508F22CFC37300391EAB /* howl.mp3 */; };
		89318EC622C2417A004205F4 /* String+extensions.swift in Sources */ = {isa = PBXBuildFile; fileRef = 89318EC522C2417A004205F4 /* String+extensions.swift */; };
		89318EC822C25B50004205F4 /* DataForAlarms.swift in Sources */ = {isa = PBXBuildFile; fileRef = 89318EC722C25B50004205F4 /* DataForAlarms.swift */; };
		89318ECA22C39A9B004205F4 /* UIViewController.swift in Sources */ = {isa = PBXBuildFile; fileRef = 89318EC922C39A9B004205F4 /* UIViewController.swift */; };
		89318ECC22C3A5B9004205F4 /* Date+extensions.swift in Sources */ = {isa = PBXBuildFile; fileRef = 89318ECB22C3A5B9004205F4 /* Date+extensions.swift */; };
		89318ECE22C4FA4A004205F4 /* UIDatePicker+extensions.swift in Sources */ = {isa = PBXBuildFile; fileRef = 89318ECD22C4FA4A004205F4 /* UIDatePicker+extensions.swift */; };
		89BA115922C0C219007CF134 /* WakyZzz.xcdatamodeld in Sources */ = {isa = PBXBuildFile; fileRef = 89BA115722C0C219007CF134 /* WakyZzz.xcdatamodeld */; };
		89BA115B22C0C230007CF134 /* CoreDataManager.swift in Sources */ = {isa = PBXBuildFile; fileRef = 89BA115A22C0C230007CF134 /* CoreDataManager.swift */; };
		89D9362F22D34FC400ABAEFF /* scarySound.mp3 in Resources */ = {isa = PBXBuildFile; fileRef = 89D9362E22D34FC400ABAEFF /* scarySound.mp3 */; };
		89D9363A22D362FB00ABAEFF /* WakyZzzTests.swift in Sources */ = {isa = PBXBuildFile; fileRef = 89D9363922D362FB00ABAEFF /* WakyZzzTests.swift */; };
		89D9364622D36A2B00ABAEFF /* AlarmSetUp.swift in Sources */ = {isa = PBXBuildFile; fileRef = 89D9364522D36A2B00ABAEFF /* AlarmSetUp.swift */; };
		89E11E3F22CA620F004DD603 /* AppDelegate+extensions.swift in Sources */ = {isa = PBXBuildFile; fileRef = 89E11E3E22CA620F004DD603 /* AppDelegate+extensions.swift */; };
/* End PBXBuildFile section */

/* Begin PBXContainerItemProxy section */
		89D9363C22D362FB00ABAEFF /* PBXContainerItemProxy */ = {
			isa = PBXContainerItemProxy;
			containerPortal = 0424EB4820BEF89000E15E46 /* Project object */;
			proxyType = 1;
			remoteGlobalIDString = 0424EB4F20BEF89000E15E46;
			remoteInfo = WakyZzz;
		};
/* End PBXContainerItemProxy section */

/* Begin PBXFileReference section */
		0424EB5020BEF89000E15E46 /* WakyZzz.app */ = {isa = PBXFileReference; explicitFileType = wrapper.application; includeInIndex = 0; path = WakyZzz.app; sourceTree = BUILT_PRODUCTS_DIR; };
		0424EB5320BEF89000E15E46 /* AppDelegate.swift */ = {isa = PBXFileReference; lastKnownFileType = sourcecode.swift; path = AppDelegate.swift; sourceTree = "<group>"; };
		0424EB5520BEF89000E15E46 /* AlarmsViewController.swift */ = {isa = PBXFileReference; lastKnownFileType = sourcecode.swift; path = AlarmsViewController.swift; sourceTree = "<group>"; };
		0424EB5820BEF89000E15E46 /* Base */ = {isa = PBXFileReference; lastKnownFileType = file.storyboard; name = Base; path = Base.lproj/Main.storyboard; sourceTree = "<group>"; };
		0424EB5A20BEF89100E15E46 /* Assets.xcassets */ = {isa = PBXFileReference; lastKnownFileType = folder.assetcatalog; path = Assets.xcassets; sourceTree = "<group>"; };
		0424EB5D20BEF89100E15E46 /* Base */ = {isa = PBXFileReference; lastKnownFileType = file.storyboard; name = Base; path = Base.lproj/LaunchScreen.storyboard; sourceTree = "<group>"; };
		0424EB5F20BEF89100E15E46 /* Info.plist */ = {isa = PBXFileReference; lastKnownFileType = text.plist.xml; path = Info.plist; sourceTree = "<group>"; };
		0424EB6820BEF93F00E15E46 /* Alarm.swift */ = {isa = PBXFileReference; lastKnownFileType = sourcecode.swift; path = Alarm.swift; sourceTree = "<group>"; };
		0424EB6A20BEF96400E15E46 /* Action.swift */ = {isa = PBXFileReference; lastKnownFileType = sourcecode.swift; path = Action.swift; sourceTree = "<group>"; };
		0424EB6C20BF022900E15E46 /* AlarmTableViewCell.swift */ = {isa = PBXFileReference; lastKnownFileType = sourcecode.swift; path = AlarmTableViewCell.swift; sourceTree = "<group>"; };
		0424EB6E20BF0FAE00E15E46 /* SettingAlarmViewController.swift */ = {isa = PBXFileReference; lastKnownFileType = sourcecode.swift; path = SettingAlarmViewController.swift; sourceTree = "<group>"; };
		891A508922CFC1F800391EAB /* alarmSound2.mp3 */ = {isa = PBXFileReference; lastKnownFileType = audio.mp3; path = alarmSound2.mp3; sourceTree = "<group>"; };
		891A508A22CFC1F800391EAB /* alarmSound3.mp3 */ = {isa = PBXFileReference; lastKnownFileType = audio.mp3; path = alarmSound3.mp3; sourceTree = "<group>"; };
		891A508F22CFC37300391EAB /* howl.mp3 */ = {isa = PBXFileReference; lastKnownFileType = audio.mp3; path = howl.mp3; sourceTree = "<group>"; };
		89318EC522C2417A004205F4 /* String+extensions.swift */ = {isa = PBXFileReference; lastKnownFileType = sourcecode.swift; path = "String+extensions.swift"; sourceTree = "<group>"; };
		89318EC722C25B50004205F4 /* DataForAlarms.swift */ = {isa = PBXFileReference; lastKnownFileType = sourcecode.swift; path = DataForAlarms.swift; sourceTree = "<group>"; };
		89318EC922C39A9B004205F4 /* UIViewController.swift */ = {isa = PBXFileReference; lastKnownFileType = sourcecode.swift; path = UIViewController.swift; sourceTree = "<group>"; };
		89318ECB22C3A5B9004205F4 /* Date+extensions.swift */ = {isa = PBXFileReference; lastKnownFileType = sourcecode.swift; path = "Date+extensions.swift"; sourceTree = "<group>"; };
		89318ECD22C4FA4A004205F4 /* UIDatePicker+extensions.swift */ = {isa = PBXFileReference; lastKnownFileType = sourcecode.swift; path = "UIDatePicker+extensions.swift"; sourceTree = "<group>"; };
		8984468122DF5B9700B40658 /* WakyZzz Project Code Details.docx */ = {isa = PBXFileReference; lastKnownFileType = file; path = "WakyZzz Project Code Details.docx"; sourceTree = "<group>"; };
		89BA115822C0C219007CF134 /* WakyZzz.xcdatamodel */ = {isa = PBXFileReference; lastKnownFileType = wrapper.xcdatamodel; path = WakyZzz.xcdatamodel; sourceTree = "<group>"; };
		89BA115A22C0C230007CF134 /* CoreDataManager.swift */ = {isa = PBXFileReference; lastKnownFileType = sourcecode.swift; path = CoreDataManager.swift; sourceTree = "<group>"; };
		89D9362E22D34FC400ABAEFF /* scarySound.mp3 */ = {isa = PBXFileReference; lastKnownFileType = audio.mp3; path = scarySound.mp3; sourceTree = "<group>"; };
		89D9363722D362FB00ABAEFF /* WakyZzzTests.xctest */ = {isa = PBXFileReference; explicitFileType = wrapper.cfbundle; includeInIndex = 0; path = WakyZzzTests.xctest; sourceTree = BUILT_PRODUCTS_DIR; };
		89D9363922D362FB00ABAEFF /* WakyZzzTests.swift */ = {isa = PBXFileReference; lastKnownFileType = sourcecode.swift; path = WakyZzzTests.swift; sourceTree = "<group>"; };
		89D9363B22D362FB00ABAEFF /* Info.plist */ = {isa = PBXFileReference; lastKnownFileType = text.plist.xml; path = Info.plist; sourceTree = "<group>"; };
		89D9364522D36A2B00ABAEFF /* AlarmSetUp.swift */ = {isa = PBXFileReference; lastKnownFileType = sourcecode.swift; path = AlarmSetUp.swift; sourceTree = "<group>"; };
		89E11E3E22CA620F004DD603 /* AppDelegate+extensions.swift */ = {isa = PBXFileReference; lastKnownFileType = sourcecode.swift; path = "AppDelegate+extensions.swift"; sourceTree = "<group>"; };
/* End PBXFileReference section */

/* Begin PBXFrameworksBuildPhase section */
		0424EB4D20BEF89000E15E46 /* Frameworks */ = {
			isa = PBXFrameworksBuildPhase;
			buildActionMask = 2147483647;
			files = (
			);
			runOnlyForDeploymentPostprocessing = 0;
		};
		89D9363422D362FB00ABAEFF /* Frameworks */ = {
			isa = PBXFrameworksBuildPhase;
			buildActionMask = 2147483647;
			files = (
			);
			runOnlyForDeploymentPostprocessing = 0;
		};
/* End PBXFrameworksBuildPhase section */

/* Begin PBXGroup section */
		0424EB4720BEF89000E15E46 = {
			isa = PBXGroup;
			children = (
				0424EB5220BEF89000E15E46 /* WakyZzz */,
				0424EB5120BEF89000E15E46 /* Products */,
			);
			sourceTree = "<group>";
		};
		0424EB5120BEF89000E15E46 /* Products */ = {
			isa = PBXGroup;
			children = (
				0424EB5020BEF89000E15E46 /* WakyZzz.app */,
				89D9363722D362FB00ABAEFF /* WakyZzzTests.xctest */,
			);
			name = Products;
			sourceTree = "<group>";
		};
		0424EB5220BEF89000E15E46 /* WakyZzz */ = {
			isa = PBXGroup;
			children = (
				8984468022DF5B8400B40658 /* App Documents */,
				89318EC422C24160004205F4 /* Extensions */,
				89BA115522C0C1C5007CF134 /* Sounds */,
				89BA115122C0C16F007CF134 /* Model */,
				89BA115322C0C18B007CF134 /* View */,
				89BA115422C0C1A1007CF134 /* Custom View */,
				89BA115622C0C1D1007CF134 /* Core Data */,
				89D9363822D362FB00ABAEFF /* WakyZzzTests */,
				0424EB5320BEF89000E15E46 /* AppDelegate.swift */,
				0424EB5A20BEF89100E15E46 /* Assets.xcassets */,
				0424EB5C20BEF89100E15E46 /* LaunchScreen.storyboard */,
				0424EB5F20BEF89100E15E46 /* Info.plist */,
			);
			path = WakyZzz;
			sourceTree = "<group>";
		};
		89318EC422C24160004205F4 /* Extensions */ = {
			isa = PBXGroup;
			children = (
				89318EC522C2417A004205F4 /* String+extensions.swift */,
				89318EC922C39A9B004205F4 /* UIViewController.swift */,
				89318ECB22C3A5B9004205F4 /* Date+extensions.swift */,
				89318ECD22C4FA4A004205F4 /* UIDatePicker+extensions.swift */,
				89E11E3E22CA620F004DD603 /* AppDelegate+extensions.swift */,
			);
			path = Extensions;
			sourceTree = "<group>";
		};
		8984468022DF5B8400B40658 /* App Documents */ = {
			isa = PBXGroup;
			children = (
				8984468122DF5B9700B40658 /* WakyZzz Project Code Details.docx */,
			);
			path = "App Documents";
			sourceTree = "<group>";
		};
		89BA115122C0C16F007CF134 /* Model */ = {
			isa = PBXGroup;
			children = (
				0424EB6820BEF93F00E15E46 /* Alarm.swift */,
				0424EB6A20BEF96400E15E46 /* Action.swift */,
			);
			path = Model;
			sourceTree = "<group>";
		};
		89BA115322C0C18B007CF134 /* View */ = {
			isa = PBXGroup;
			children = (
				0424EB5520BEF89000E15E46 /* AlarmsViewController.swift */,
				0424EB6E20BF0FAE00E15E46 /* SettingAlarmViewController.swift */,
				0424EB5720BEF89000E15E46 /* Main.storyboard */,
			);
			path = View;
			sourceTree = "<group>";
		};
		89BA115422C0C1A1007CF134 /* Custom View */ = {
			isa = PBXGroup;
			children = (
				0424EB6C20BF022900E15E46 /* AlarmTableViewCell.swift */,
			);
			path = "Custom View";
			sourceTree = "<group>";
		};
		89BA115522C0C1C5007CF134 /* Sounds */ = {
			isa = PBXGroup;
			children = (
				89D9362E22D34FC400ABAEFF /* scarySound.mp3 */,
				891A508922CFC1F800391EAB /* alarmSound2.mp3 */,
				891A508A22CFC1F800391EAB /* alarmSound3.mp3 */,
				891A508F22CFC37300391EAB /* howl.mp3 */,
			);
			path = Sounds;
			sourceTree = "<group>";
		};
		89BA115622C0C1D1007CF134 /* Core Data */ = {
			isa = PBXGroup;
			children = (
				89BA115722C0C219007CF134 /* WakyZzz.xcdatamodeld */,
				89BA115A22C0C230007CF134 /* CoreDataManager.swift */,
				89318EC722C25B50004205F4 /* DataForAlarms.swift */,
			);
			path = "Core Data";
			sourceTree = "<group>";
		};
		89D9363822D362FB00ABAEFF /* WakyZzzTests */ = {
			isa = PBXGroup;
			children = (
				89D9363922D362FB00ABAEFF /* WakyZzzTests.swift */,
				89D9363B22D362FB00ABAEFF /* Info.plist */,
				89D9364522D36A2B00ABAEFF /* AlarmSetUp.swift */,
			);
			path = WakyZzzTests;
			sourceTree = "<group>";
		};
/* End PBXGroup section */

/* Begin PBXNativeTarget section */
		0424EB4F20BEF89000E15E46 /* WakyZzz */ = {
			isa = PBXNativeTarget;
			buildConfigurationList = 0424EB6220BEF89100E15E46 /* Build configuration list for PBXNativeTarget "WakyZzz" */;
			buildPhases = (
				0424EB4C20BEF89000E15E46 /* Sources */,
				0424EB4D20BEF89000E15E46 /* Frameworks */,
				0424EB4E20BEF89000E15E46 /* Resources */,
			);
			buildRules = (
			);
			dependencies = (
			);
			name = WakyZzz;
			productName = WakyZzz;
			productReference = 0424EB5020BEF89000E15E46 /* WakyZzz.app */;
			productType = "com.apple.product-type.application";
		};
		89D9363622D362FB00ABAEFF /* WakyZzzTests */ = {
			isa = PBXNativeTarget;
			buildConfigurationList = 89D9363E22D362FB00ABAEFF /* Build configuration list for PBXNativeTarget "WakyZzzTests" */;
			buildPhases = (
				89D9363322D362FB00ABAEFF /* Sources */,
				89D9363422D362FB00ABAEFF /* Frameworks */,
				89D9363522D362FB00ABAEFF /* Resources */,
			);
			buildRules = (
			);
			dependencies = (
				89D9363D22D362FB00ABAEFF /* PBXTargetDependency */,
			);
			name = WakyZzzTests;
			productName = WakyZzzTests;
			productReference = 89D9363722D362FB00ABAEFF /* WakyZzzTests.xctest */;
			productType = "com.apple.product-type.bundle.unit-test";
		};
/* End PBXNativeTarget section */

/* Begin PBXProject section */
		0424EB4820BEF89000E15E46 /* Project object */ = {
			isa = PBXProject;
			attributes = {
				LastSwiftUpdateCheck = 1020;
				LastUpgradeCheck = 0930;
				ORGANIZATIONNAME = "Olga Volkova OC";
				TargetAttributes = {
					0424EB4F20BEF89000E15E46 = {
						CreatedOnToolsVersion = 9.3.1;
						LastSwiftMigration = 1020;
					};
					89D9363622D362FB00ABAEFF = {
						CreatedOnToolsVersion = 10.2.1;
						TestTargetID = 0424EB4F20BEF89000E15E46;
					};
				};
			};
			buildConfigurationList = 0424EB4B20BEF89000E15E46 /* Build configuration list for PBXProject "WakyZzz" */;
			compatibilityVersion = "Xcode 9.3";
			developmentRegion = en;
			hasScannedForEncodings = 0;
			knownRegions = (
				en,
				Base,
			);
			mainGroup = 0424EB4720BEF89000E15E46;
			productRefGroup = 0424EB5120BEF89000E15E46 /* Products */;
			projectDirPath = "";
			projectRoot = "";
			targets = (
				0424EB4F20BEF89000E15E46 /* WakyZzz */,
				89D9363622D362FB00ABAEFF /* WakyZzzTests */,
			);
		};
/* End PBXProject section */

/* Begin PBXResourcesBuildPhase section */
		0424EB4E20BEF89000E15E46 /* Resources */ = {
			isa = PBXResourcesBuildPhase;
			buildActionMask = 2147483647;
			files = (
				891A509022CFC37400391EAB /* howl.mp3 in Resources */,
				89D9362F22D34FC400ABAEFF /* scarySound.mp3 in Resources */,
				0424EB5E20BEF89100E15E46 /* LaunchScreen.storyboard in Resources */,
				891A508C22CFC1F800391EAB /* alarmSound2.mp3 in Resources */,
				0424EB5B20BEF89100E15E46 /* Assets.xcassets in Resources */,
				891A508D22CFC1F800391EAB /* alarmSound3.mp3 in Resources */,
				0424EB5920BEF89000E15E46 /* Main.storyboard in Resources */,
			);
			runOnlyForDeploymentPostprocessing = 0;
		};
		89D9363522D362FB00ABAEFF /* Resources */ = {
			isa = PBXResourcesBuildPhase;
			buildActionMask = 2147483647;
			files = (
			);
			runOnlyForDeploymentPostprocessing = 0;
		};
/* End PBXResourcesBuildPhase section */

/* Begin PBXSourcesBuildPhase section */
		0424EB4C20BEF89000E15E46 /* Sources */ = {
			isa = PBXSourcesBuildPhase;
			buildActionMask = 2147483647;
			files = (
				0424EB5620BEF89000E15E46 /* AlarmsViewController.swift in Sources */,
				89318ECA22C39A9B004205F4 /* UIViewController.swift in Sources */,
				89318ECE22C4FA4A004205F4 /* UIDatePicker+extensions.swift in Sources */,
				0424EB6D20BF022900E15E46 /* AlarmTableViewCell.swift in Sources */,
				0424EB6F20BF0FAE00E15E46 /* SettingAlarmViewController.swift in Sources */,
				89318EC622C2417A004205F4 /* String+extensions.swift in Sources */,
				0424EB5420BEF89000E15E46 /* AppDelegate.swift in Sources */,
				0424EB6B20BEF96400E15E46 /* Action.swift in Sources */,
				89318ECC22C3A5B9004205F4 /* Date+extensions.swift in Sources */,
				89BA115922C0C219007CF134 /* WakyZzz.xcdatamodeld in Sources */,
				89BA115B22C0C230007CF134 /* CoreDataManager.swift in Sources */,
				0424EB6920BEF93F00E15E46 /* Alarm.swift in Sources */,
				89318EC822C25B50004205F4 /* DataForAlarms.swift in Sources */,
				89E11E3F22CA620F004DD603 /* AppDelegate+extensions.swift in Sources */,
			);
			runOnlyForDeploymentPostprocessing = 0;
		};
		89D9363322D362FB00ABAEFF /* Sources */ = {
			isa = PBXSourcesBuildPhase;
			buildActionMask = 2147483647;
			files = (
				89D9363A22D362FB00ABAEFF /* WakyZzzTests.swift in Sources */,
				89D9364622D36A2B00ABAEFF /* AlarmSetUp.swift in Sources */,
			);
			runOnlyForDeploymentPostprocessing = 0;
		};
/* End PBXSourcesBuildPhase section */

/* Begin PBXTargetDependency section */
		89D9363D22D362FB00ABAEFF /* PBXTargetDependency */ = {
			isa = PBXTargetDependency;
			target = 0424EB4F20BEF89000E15E46 /* WakyZzz */;
			targetProxy = 89D9363C22D362FB00ABAEFF /* PBXContainerItemProxy */;
		};
/* End PBXTargetDependency section */

/* Begin PBXVariantGroup section */
		0424EB5720BEF89000E15E46 /* Main.storyboard */ = {
			isa = PBXVariantGroup;
			children = (
				0424EB5820BEF89000E15E46 /* Base */,
			);
			name = Main.storyboard;
			sourceTree = "<group>";
		};
		0424EB5C20BEF89100E15E46 /* LaunchScreen.storyboard */ = {
			isa = PBXVariantGroup;
			children = (
				0424EB5D20BEF89100E15E46 /* Base */,
			);
			name = LaunchScreen.storyboard;
			sourceTree = "<group>";
		};
/* End PBXVariantGroup section */

/* Begin XCBuildConfiguration section */
		0424EB6020BEF89100E15E46 /* Debug */ = {
			isa = XCBuildConfiguration;
			buildSettings = {
				ALWAYS_SEARCH_USER_PATHS = NO;
				CLANG_ANALYZER_NONNULL = YES;
				CLANG_ANALYZER_NUMBER_OBJECT_CONVERSION = YES_AGGRESSIVE;
				CLANG_CXX_LANGUAGE_STANDARD = "gnu++14";
				CLANG_CXX_LIBRARY = "libc++";
				CLANG_ENABLE_MODULES = YES;
				CLANG_ENABLE_OBJC_ARC = YES;
				CLANG_ENABLE_OBJC_WEAK = YES;
				CLANG_WARN_BLOCK_CAPTURE_AUTORELEASING = YES;
				CLANG_WARN_BOOL_CONVERSION = YES;
				CLANG_WARN_COMMA = YES;
				CLANG_WARN_CONSTANT_CONVERSION = YES;
				CLANG_WARN_DEPRECATED_OBJC_IMPLEMENTATIONS = YES;
				CLANG_WARN_DIRECT_OBJC_ISA_USAGE = YES_ERROR;
				CLANG_WARN_DOCUMENTATION_COMMENTS = YES;
				CLANG_WARN_EMPTY_BODY = YES;
				CLANG_WARN_ENUM_CONVERSION = YES;
				CLANG_WARN_INFINITE_RECURSION = YES;
				CLANG_WARN_INT_CONVERSION = YES;
				CLANG_WARN_NON_LITERAL_NULL_CONVERSION = YES;
				CLANG_WARN_OBJC_IMPLICIT_RETAIN_SELF = YES;
				CLANG_WARN_OBJC_LITERAL_CONVERSION = YES;
				CLANG_WARN_OBJC_ROOT_CLASS = YES_ERROR;
				CLANG_WARN_RANGE_LOOP_ANALYSIS = YES;
				CLANG_WARN_STRICT_PROTOTYPES = YES;
				CLANG_WARN_SUSPICIOUS_MOVE = YES;
				CLANG_WARN_UNGUARDED_AVAILABILITY = YES_AGGRESSIVE;
				CLANG_WARN_UNREACHABLE_CODE = YES;
				CLANG_WARN__DUPLICATE_METHOD_MATCH = YES;
				CODE_SIGN_IDENTITY = "iPhone Developer";
				COPY_PHASE_STRIP = NO;
				DEBUG_INFORMATION_FORMAT = dwarf;
				ENABLE_STRICT_OBJC_MSGSEND = YES;
				ENABLE_TESTABILITY = YES;
				GCC_C_LANGUAGE_STANDARD = gnu11;
				GCC_DYNAMIC_NO_PIC = NO;
				GCC_NO_COMMON_BLOCKS = YES;
				GCC_OPTIMIZATION_LEVEL = 0;
				GCC_PREPROCESSOR_DEFINITIONS = (
					"DEBUG=1",
					"$(inherited)",
				);
				GCC_WARN_64_TO_32_BIT_CONVERSION = YES;
				GCC_WARN_ABOUT_RETURN_TYPE = YES_ERROR;
				GCC_WARN_UNDECLARED_SELECTOR = YES;
				GCC_WARN_UNINITIALIZED_AUTOS = YES_AGGRESSIVE;
				GCC_WARN_UNUSED_FUNCTION = YES;
				GCC_WARN_UNUSED_VARIABLE = YES;
				IPHONEOS_DEPLOYMENT_TARGET = 11.3;
				MTL_ENABLE_DEBUG_INFO = YES;
				ONLY_ACTIVE_ARCH = YES;
				SDKROOT = iphoneos;
				SWIFT_ACTIVE_COMPILATION_CONDITIONS = DEBUG;
				SWIFT_OPTIMIZATION_LEVEL = "-Onone";
				TARGETED_DEVICE_FAMILY = "1,2";
			};
			name = Debug;
		};
		0424EB6120BEF89100E15E46 /* Release */ = {
			isa = XCBuildConfiguration;
			buildSettings = {
				ALWAYS_SEARCH_USER_PATHS = NO;
				CLANG_ANALYZER_NONNULL = YES;
				CLANG_ANALYZER_NUMBER_OBJECT_CONVERSION = YES_AGGRESSIVE;
				CLANG_CXX_LANGUAGE_STANDARD = "gnu++14";
				CLANG_CXX_LIBRARY = "libc++";
				CLANG_ENABLE_MODULES = YES;
				CLANG_ENABLE_OBJC_ARC = YES;
				CLANG_ENABLE_OBJC_WEAK = YES;
				CLANG_WARN_BLOCK_CAPTURE_AUTORELEASING = YES;
				CLANG_WARN_BOOL_CONVERSION = YES;
				CLANG_WARN_COMMA = YES;
				CLANG_WARN_CONSTANT_CONVERSION = YES;
				CLANG_WARN_DEPRECATED_OBJC_IMPLEMENTATIONS = YES;
				CLANG_WARN_DIRECT_OBJC_ISA_USAGE = YES_ERROR;
				CLANG_WARN_DOCUMENTATION_COMMENTS = YES;
				CLANG_WARN_EMPTY_BODY = YES;
				CLANG_WARN_ENUM_CONVERSION = YES;
				CLANG_WARN_INFINITE_RECURSION = YES;
				CLANG_WARN_INT_CONVERSION = YES;
				CLANG_WARN_NON_LITERAL_NULL_CONVERSION = YES;
				CLANG_WARN_OBJC_IMPLICIT_RETAIN_SELF = YES;
				CLANG_WARN_OBJC_LITERAL_CONVERSION = YES;
				CLANG_WARN_OBJC_ROOT_CLASS = YES_ERROR;
				CLANG_WARN_RANGE_LOOP_ANALYSIS = YES;
				CLANG_WARN_STRICT_PROTOTYPES = YES;
				CLANG_WARN_SUSPICIOUS_MOVE = YES;
				CLANG_WARN_UNGUARDED_AVAILABILITY = YES_AGGRESSIVE;
				CLANG_WARN_UNREACHABLE_CODE = YES;
				CLANG_WARN__DUPLICATE_METHOD_MATCH = YES;
				CODE_SIGN_IDENTITY = "iPhone Developer";
				COPY_PHASE_STRIP = NO;
				DEBUG_INFORMATION_FORMAT = "dwarf-with-dsym";
				ENABLE_NS_ASSERTIONS = NO;
				ENABLE_STRICT_OBJC_MSGSEND = YES;
				GCC_C_LANGUAGE_STANDARD = gnu11;
				GCC_NO_COMMON_BLOCKS = YES;
				GCC_WARN_64_TO_32_BIT_CONVERSION = YES;
				GCC_WARN_ABOUT_RETURN_TYPE = YES_ERROR;
				GCC_WARN_UNDECLARED_SELECTOR = YES;
				GCC_WARN_UNINITIALIZED_AUTOS = YES_AGGRESSIVE;
				GCC_WARN_UNUSED_FUNCTION = YES;
				GCC_WARN_UNUSED_VARIABLE = YES;
				IPHONEOS_DEPLOYMENT_TARGET = 11.3;
				MTL_ENABLE_DEBUG_INFO = NO;
				SDKROOT = iphoneos;
				SWIFT_COMPILATION_MODE = wholemodule;
				SWIFT_OPTIMIZATION_LEVEL = "-O";
				TARGETED_DEVICE_FAMILY = "1,2";
				VALIDATE_PRODUCT = YES;
			};
			name = Release;
		};
		0424EB6320BEF89100E15E46 /* Debug */ = {
			isa = XCBuildConfiguration;
			buildSettings = {
				ASSETCATALOG_COMPILER_APPICON_NAME = AppIcon;
				CODE_SIGN_STYLE = Automatic;
				DEVELOPMENT_TEAM = 2428X38UTQ;
				INFOPLIST_FILE = WakyZzz/Info.plist;
				LD_RUNPATH_SEARCH_PATHS = (
					"$(inherited)",
					"@executable_path/Frameworks",
				);
				PRODUCT_BUNDLE_IDENTIFIER = com.openclassrooms.WakyZzz;
				PRODUCT_NAME = "$(TARGET_NAME)";
				SWIFT_VERSION = 5.0;
				TARGETED_DEVICE_FAMILY = "1,2";
			};
			name = Debug;
		};
		0424EB6420BEF89100E15E46 /* Release */ = {
			isa = XCBuildConfiguration;
			buildSettings = {
				ASSETCATALOG_COMPILER_APPICON_NAME = AppIcon;
				CODE_SIGN_STYLE = Automatic;
				DEVELOPMENT_TEAM = 2428X38UTQ;
				INFOPLIST_FILE = WakyZzz/Info.plist;
				LD_RUNPATH_SEARCH_PATHS = (
					"$(inherited)",
					"@executable_path/Frameworks",
				);
				PRODUCT_BUNDLE_IDENTIFIER = com.openclassrooms.WakyZzz;
				PRODUCT_NAME = "$(TARGET_NAME)";
				SWIFT_VERSION = 5.0;
				TARGETED_DEVICE_FAMILY = "1,2";
			};
			name = Release;
		};
		89D9363F22D362FB00ABAEFF /* Debug */ = {
			isa = XCBuildConfiguration;
			buildSettings = {
				BUNDLE_LOADER = "$(TEST_HOST)";
				CODE_SIGN_STYLE = Automatic;
				DEVELOPMENT_TEAM = 2428X38UTQ;
				INFOPLIST_FILE = WakyZzzTests/Info.plist;
				IPHONEOS_DEPLOYMENT_TARGET = 12.2;
				LD_RUNPATH_SEARCH_PATHS = (
					"$(inherited)",
					"@executable_path/Frameworks",
					"@loader_path/Frameworks",
				);
				MTL_ENABLE_DEBUG_INFO = INCLUDE_SOURCE;
				MTL_FAST_MATH = YES;
				PRODUCT_BUNDLE_IDENTIFIER = com.carlwainwright.WakyZzzTests;
				PRODUCT_NAME = "$(TARGET_NAME)";
				SWIFT_VERSION = 5.0;
				TARGETED_DEVICE_FAMILY = "1,2";
				TEST_HOST = "$(BUILT_PRODUCTS_DIR)/WakyZzz.app/WakyZzz";
			};
			name = Debug;
		};
		89D9364022D362FB00ABAEFF /* Release */ = {
			isa = XCBuildConfiguration;
			buildSettings = {
				BUNDLE_LOADER = "$(TEST_HOST)";
				CODE_SIGN_STYLE = Automatic;
				DEVELOPMENT_TEAM = 2428X38UTQ;
				INFOPLIST_FILE = WakyZzzTests/Info.plist;
				IPHONEOS_DEPLOYMENT_TARGET = 12.2;
				LD_RUNPATH_SEARCH_PATHS = (
					"$(inherited)",
					"@executable_path/Frameworks",
					"@loader_path/Frameworks",
				);
				MTL_FAST_MATH = YES;
				PRODUCT_BUNDLE_IDENTIFIER = com.carlwainwright.WakyZzzTests;
				PRODUCT_NAME = "$(TARGET_NAME)";
				SWIFT_VERSION = 5.0;
				TARGETED_DEVICE_FAMILY = "1,2";
				TEST_HOST = "$(BUILT_PRODUCTS_DIR)/WakyZzz.app/WakyZzz";
			};
			name = Release;
		};
/* End XCBuildConfiguration section */

/* Begin XCConfigurationList section */
		0424EB4B20BEF89000E15E46 /* Build configuration list for PBXProject "WakyZzz" */ = {
			isa = XCConfigurationList;
			buildConfigurations = (
				0424EB6020BEF89100E15E46 /* Debug */,
				0424EB6120BEF89100E15E46 /* Release */,
			);
			defaultConfigurationIsVisible = 0;
			defaultConfigurationName = Release;
		};
		0424EB6220BEF89100E15E46 /* Build configuration list for PBXNativeTarget "WakyZzz" */ = {
			isa = XCConfigurationList;
			buildConfigurations = (
				0424EB6320BEF89100E15E46 /* Debug */,
				0424EB6420BEF89100E15E46 /* Release */,
			);
			defaultConfigurationIsVisible = 0;
			defaultConfigurationName = Release;
		};
		89D9363E22D362FB00ABAEFF /* Build configuration list for PBXNativeTarget "WakyZzzTests" */ = {
			isa = XCConfigurationList;
			buildConfigurations = (
				89D9363F22D362FB00ABAEFF /* Debug */,
				89D9364022D362FB00ABAEFF /* Release */,
			);
			defaultConfigurationIsVisible = 0;
			defaultConfigurationName = Release;
		};
/* End XCConfigurationList section */

/* Begin XCVersionGroup section */
		89BA115722C0C219007CF134 /* WakyZzz.xcdatamodeld */ = {
			isa = XCVersionGroup;
			children = (
				89BA115822C0C219007CF134 /* WakyZzz.xcdatamodel */,
			);
			currentVersion = 89BA115822C0C219007CF134 /* WakyZzz.xcdatamodel */;
			path = WakyZzz.xcdatamodeld;
			sourceTree = "<group>";
			versionGroupType = wrapper.xcdatamodel;
		};
/* End XCVersionGroup section */
	};
	rootObject = 0424EB4820BEF89000E15E46 /* Project object */;
}
